
Microsoft Visual Studio Solution File, Format Version 12.00
# Visual Studio Version 16
VisualStudioVersion = 16.0.29709.97
MinimumVisualStudioVersion = 10.0.40219.1
Project("{9A19103F-16F7-4668-BE54-9A1E7A4F7556}") = "PostgreKeyRotation", "PostgreKeyRotation\PostgreKeyRotation.csproj", "{1EFB208A-953D-4FED-BD2F-9A3FCFE25476}"
EndProject
Project("{9A19103F-16F7-4668-BE54-9A1E7A4F7556}") = "PostgreKeyRotation.IntegrationTests", "PostgreKeyRotation.IntegrationTests\PostgreKeyRotation.IntegrationTests.csproj", "{1A5DF992-D82D-454D-8CC4-0D92D44AB0A5}"
EndProject
Global
	GlobalSection(SolutionConfigurationPlatforms) = preSolution
		Debug|Any CPU = Debug|Any CPU
		Release|Any CPU = Release|Any CPU
	EndGlobalSection
	GlobalSection(ProjectConfigurationPlatforms) = postSolution
		{1EFB208A-953D-4FED-BD2F-9A3FCFE25476}.Debug|Any CPU.ActiveCfg = Debug|Any CPU
		{1EFB208A-953D-4FED-BD2F-9A3FCFE25476}.Debug|Any CPU.Build.0 = Debug|Any CPU
		{1EFB208A-953D-4FED-BD2F-9A3FCFE25476}.Release|Any CPU.ActiveCfg = Release|Any CPU
		{1EFB208A-953D-4FED-BD2F-9A3FCFE25476}.Release|Any CPU.Build.0 = Release|Any CPU
		{1A5DF992-D82D-454D-8CC4-0D92D44AB0A5}.Debug|Any CPU.ActiveCfg = Debug|Any CPU
		{1A5DF992-D82D-454D-8CC4-0D92D44AB0A5}.Debug|Any CPU.Build.0 = Debug|Any CPU
		{1A5DF992-D82D-454D-8CC4-0D92D44AB0A5}.Release|Any CPU.ActiveCfg = Release|Any CPU
		{1A5DF992-D82D-454D-8CC4-0D92D44AB0A5}.Release|Any CPU.Build.0 = Release|Any CPU
	EndGlobalSection
	GlobalSection(SolutionProperties) = preSolution
		HideSolutionNode = FALSE
	EndGlobalSection
	GlobalSection(ExtensibilityGlobals) = postSolution
		SolutionGuid = {C3C2F344-C66F-48DA-A141-7BE68B56BF80}
	EndGlobalSection
EndGlobal
